# THIS IS AN AUTOGENERATED FILE. DO NOT EDIT THIS FILE DIRECTLY.
# yarn lockfile v1


"@nickcis/start-server-webpack-plugin@^2.2.5":
  version "2.2.5"
  resolved "https://registry.yarnpkg.com/@nickcis/start-server-webpack-plugin/-/start-server-webpack-plugin-2.2.5.tgz#a2235a8866773ed60e1b79a77cea2475084e85c5"
  integrity sha512-cPQwhvQqr1AHcRVomuDhXczjfGS8JVFJ0fEKGTmQ20gcF7QyMMOaspuwbMu0sO2w2zENOGxjEMEaFsHaQTyKfw==
